<?xml version="1.0" encoding="utf-8"?>
<Project ToolsVersion="4.0" xmlns="http://schemas.microsoft.com/developer/msbuild/2003">
  <ItemGroup>
    <Filter Include="Source Files">
      <UniqueIdentifier>{4FC737F1-C7A5-4376-A066-2A32D752A2FF}</UniqueIdentifier>
      <Extensions>cpp;c;cc;cxx;def;odl;idl;hpj;bat;asm;asmx</Extensions>
    </Filter>
    <Filter Include="Header Files">
      <UniqueIdentifier>{93995380-89BD-4b04-88EB-625FBE52EBFB}</UniqueIdentifier>
      <Extensions>h;hh;hpp;hxx;hm;inl;inc;xsd</Extensions>
    </Filter>
    <Filter Include="Resource Files">
      <UniqueIdentifier>{67DA6AB6-F800-4c08-8B7A-83BB121AAD01}</UniqueIdentifier>
      <Extensions>qrc;rc;ico;cur;bmp;dlg;rc2;rct;bin;rgs;gif;jpg;jpeg;jpe;resx;tiff;tif;png;wav;mfcribbon-ms</Extensions>
    </Filter>
    <Filter Include="Form Files">
      <UniqueIdentifier>{99349809-55BA-4b9d-BF79-8FDBB0286EB3}</UniqueIdentifier>
      <Extensions>ui</Extensions>
    </Filter>
    <Filter Include="Translation Files">
      <UniqueIdentifier>{639EADAA-A684-42e4-A9AD-28FC9BCB8F7C}</UniqueIdentifier>
      <Extensions>ts</Extensions>
    </Filter>
  </ItemGroup>
  <ItemGroup>
    <QtRcc Include="SimpleGIS.qrc">
      <Filter>Resource Files</Filter>
    </QtRcc>
    <QtUic Include="SimpleGIS.ui">
      <Filter>Form Files</Filter>
    </QtUic>
    <QtMoc Include="SimpleGIS.h">
      <Filter>Header Files</Filter>
    </QtMoc>
    <ClCompile Include="SimpleGIS.cpp">
      <Filter>Source Files</Filter>
    </ClCompile>
  </ItemGroup>
  <ItemGroup>
    <ClCompile Include="main.cpp">
      <Filter>Source Files</Filter>
    </ClCompile>
    <ClCompile Include="MyAttTableView.cpp">
      <Filter>Source Files</Filter>
    </ClCompile>
    <ClCompile Include="GPSTreeModel.cpp">
      <Filter>Source Files</Filter>
    </ClCompile>
    <ClCompile Include="treeitem.cpp">
      <Filter>Source Files</Filter>
    </ClCompile>
    <ClCompile Include="SimpleAnnDialog.cpp">
      <Filter>Source Files</Filter>
    </ClCompile>
    <ClCompile Include="GraduatedSymbolDialog.cpp">
      <Filter>Source Files</Filter>
    </ClCompile>
    <ClCompile Include="DiagramDialog.cpp">
      <Filter>Source Files</Filter>
    </ClCompile>
  </ItemGroup>
  <ItemGroup>
    <QtUic Include="qgsbrowserdockwidgetbase.ui">
      <Filter>Form Files</Filter>
    </QtUic>
    <QtUic Include="qgsbrowserlayerpropertiesbase.ui">
      <Filter>Form Files</Filter>
    </QtUic>
    <QtUic Include="qgsbrowserdirectorypropertiesbase.ui">
      <Filter>Form Files</Filter>
    </QtUic>
    <QtUic Include="qgsbrowserpropertiesdialogbase.ui">
      <Filter>Form Files</Filter>
    </QtUic>
    <QtUic Include="qgsattributetabledialog.ui">
      <Filter>Form Files</Filter>
    </QtUic>
    <QtUic Include="AttQuery.ui">
      <Filter>Form Files</Filter>
    </QtUic>
    <QtUic Include="qgsdualviewbase.ui">
      <Filter>Form Files</Filter>
    </QtUic>
    <QtUic Include="qgsexpressionpreviewbase.ui">
      <Filter>Form Files</Filter>
    </QtUic>
    <QtUic Include="qgstextformatwidgetbase.ui">
      <Filter>Form Files</Filter>
    </QtUic>
    <QtUic Include="qgsstyleitemslistwidgetbase.ui">
      <Filter>Form Files</Filter>
    </QtUic>
    <QtUic Include="qgsunitselectionwidget.ui">
      <Filter>Form Files</Filter>
    </QtUic>
    <QtUic Include="qgsmapunitscalewidgetbase.ui">
      <Filter>Form Files</Filter>
    </QtUic>
    <QtUic Include="SimpleAnnDialog.ui">
      <Filter>Form Files</Filter>
    </QtUic>
    <QtUic Include="GraduatedSymbolDialog.ui">
      <Filter>Form Files</Filter>
    </QtUic>
    <QtUic Include="DiagramDialog.ui">
      <Filter>Form Files</Filter>
    </QtUic>
  </ItemGroup>
  <ItemGroup>
    <ClInclude Include="MyAttTableView.h">
      <Filter>Header Files</Filter>
    </ClInclude>
    <ClInclude Include="GPSTreeModel.h">
      <Filter>Header Files</Filter>
    </ClInclude>
    <ClInclude Include="treeitem.h">
      <Filter>Header Files</Filter>
    </ClInclude>
  </ItemGroup>
  <ItemGroup>
    <QtMoc Include="SimpleAnnDialog.h">
      <Filter>Header Files</Filter>
    </QtMoc>
    <QtMoc Include="GraduatedSymbolDialog.h">
      <Filter>Header Files</Filter>
    </QtMoc>
    <QtMoc Include="DiagramDialog.h">
      <Filter>Header Files</Filter>
    </QtMoc>
  </ItemGroup>
</Project>